
Microsoft Visual Studio Solution File, Format Version 12.00
# Visual Studio Version 17
VisualStudioVersion = 17.11.35312.102
MinimumVisualStudioVersion = 10.0.40219.1
Project("{FAE04EC0-301F-11D3-BF4B-00C04F79EFBC}") = "ConsoleAppEmployee", "ConsoleAppEmployee\ConsoleAppEmployee.csproj", "{63DA4DA9-60CB-44DC-9774-1D88D910293B}"
EndProject
Project("{FAE04EC0-301F-11D3-BF4B-00C04F79EFBC}") = "ConsoleEmpl.BL", "ConsoleEmpl.BL\ConsoleEmpl.BL.csproj", "{E0CA6339-833D-4354-88F3-CFECB8BC7EB7}"
EndProject
Global
	GlobalSection(SolutionConfigurationPlatforms) = preSolution
		Debug|Any CPU = Debug|Any CPU
		Release|Any CPU = Release|Any CPU
	EndGlobalSection
	GlobalSection(ProjectConfigurationPlatforms) = postSolution
		{63DA4DA9-60CB-44DC-9774-1D88D910293B}.Debug|Any CPU.ActiveCfg = Debug|Any CPU
		{63DA4DA9-60CB-44DC-9774-1D88D910293B}.Debug|Any CPU.Build.0 = Debug|Any CPU
		{63DA4DA9-60CB-44DC-9774-1D88D910293B}.Release|Any CPU.ActiveCfg = Release|Any CPU
		{63DA4DA9-60CB-44DC-9774-1D88D910293B}.Release|Any CPU.Build.0 = Release|Any CPU
		{E0CA6339-833D-4354-88F3-CFECB8BC7EB7}.Debug|Any CPU.ActiveCfg = Debug|Any CPU
		{E0CA6339-833D-4354-88F3-CFECB8BC7EB7}.Debug|Any CPU.Build.0 = Debug|Any CPU
		{E0CA6339-833D-4354-88F3-CFECB8BC7EB7}.Release|Any CPU.ActiveCfg = Release|Any CPU
		{E0CA6339-833D-4354-88F3-CFECB8BC7EB7}.Release|Any CPU.Build.0 = Release|Any CPU
	EndGlobalSection
	GlobalSection(SolutionProperties) = preSolution
		HideSolutionNode = FALSE
	EndGlobalSection
	GlobalSection(ExtensibilityGlobals) = postSolution
		SolutionGuid = {AA3D4AE9-3F7B-47C9-9423-9EAF90E23981}
	EndGlobalSection
EndGlobal
